{
  "name": "New-youth-website",
  "lockfileVersion": 3,
  "requires": true,
  "packages": {
    "": {
      "dependencies": {
        "google-reviews-widget": "^1.0.4"
      }
    },
    "node_modules/google-reviews-widget": {
      "version": "1.0.4",
      "resolved": "https://registry.npmjs.org/google-reviews-widget/-/google-reviews-widget-1.0.4.tgz",
      "integrity": "sha512-46X0NKuODHHRP6Bogn189OFZZi6z8PQD7yzEO6DePu1OGOxcJ4qpyZCT3VJ7AJHqJLEdX9z0OFD+/JoQJ9hCeA==",
      "license": "MIT",
      "peerDependencies": {
        "react": ">=16.8.0"
      }
    },
    "node_modules/react": {
      "version": "19.2.4",
      "resolved": "https://registry.npmjs.org/react/-/react-19.2.4.tgz",
      "integrity": "sha512-9nfp2hYpCwOjAN+8TZFGhtWEwgvWHXqESH8qT89AT/lWklpLON22Lc8pEtnpsZz7VmawabSU0gCjnj8aC0euHQ==",
      "license": "MIT",
      "peer": true,
      "engines": {
        "node": ">=0.10.0"
      }
    }
  }
}
